
Microsoft Visual Studio Solution File, Format Version 12.00
# Visual Studio Version 17
VisualStudioVersion = 17.14.35906.104 d17.14
MinimumVisualStudioVersion = 10.0.40219.1
Project("{FAE04EC0-301F-11D3-BF4B-00C04F79EFBC}") = "Clf.Web.StorefrontApi1", "Clf.Web.StorefrontApi1\Clf.Web.StorefrontApi1.csproj", "{7D5ECB1C-EDE0-4BC6-B9A3-1573AE4676E5}"
EndProject
Project("{FAE04EC0-301F-11D3-BF4B-00C04F79EFBC}") = "Clf.Web.StorefrontApi1.UnitTests", "Clf.Web.StorefrontApi1.UnitTests\Clf.Web.StorefrontApi1.UnitTests.csproj", "{593FE0FD-2DD0-4DFE-BE30-113B22253A94}"
EndProject
Global
	GlobalSection(SolutionConfigurationPlatforms) = preSolution
		Debug|Any CPU = Debug|Any CPU
		Release|Any CPU = Release|Any CPU
	EndGlobalSection
	GlobalSection(ProjectConfigurationPlatforms) = postSolution
		{7D5ECB1C-EDE0-4BC6-B9A3-1573AE4676E5}.Debug|Any CPU.ActiveCfg = Debug|Any CPU
		{7D5ECB1C-EDE0-4BC6-B9A3-1573AE4676E5}.Debug|Any CPU.Build.0 = Debug|Any CPU
		{7D5ECB1C-EDE0-4BC6-B9A3-1573AE4676E5}.Release|Any CPU.ActiveCfg = Release|Any CPU
		{7D5ECB1C-EDE0-4BC6-B9A3-1573AE4676E5}.Release|Any CPU.Build.0 = Release|Any CPU
		{593FE0FD-2DD0-4DFE-BE30-113B22253A94}.Debug|Any CPU.ActiveCfg = Debug|Any CPU
		{593FE0FD-2DD0-4DFE-BE30-113B22253A94}.Debug|Any CPU.Build.0 = Debug|Any CPU
		{593FE0FD-2DD0-4DFE-BE30-113B22253A94}.Release|Any CPU.ActiveCfg = Release|Any CPU
		{593FE0FD-2DD0-4DFE-BE30-113B22253A94}.Release|Any CPU.Build.0 = Release|Any CPU
	EndGlobalSection
	GlobalSection(SolutionProperties) = preSolution
		HideSolutionNode = FALSE
	EndGlobalSection
	GlobalSection(ExtensibilityGlobals) = postSolution
		SolutionGuid = {82CD8C4C-1844-484B-8AB2-545E49EE2260}
	EndGlobalSection
EndGlobal
